
Microsoft Visual Studio Solution File, Format Version 12.00
# Visual Studio 15
VisualStudioVersion = 15.0.28307.572
MinimumVisualStudioVersion = 10.0.40219.1
Project("{FAE04EC0-301F-11D3-BF4B-00C04F79EFBC}") = "ProvoAPI", "ProvoAPI\ProvoAPI.csproj", "{F98AEA4C-C3ED-481E-BF5A-E6C66B669815}"
EndProject
Global
	GlobalSection(SolutionConfigurationPlatforms) = preSolution
		Debug|Any CPU = Debug|Any CPU
		Release|Any CPU = Release|Any CPU
	EndGlobalSection
	GlobalSection(ProjectConfigurationPlatforms) = postSolution
		{F98AEA4C-C3ED-481E-BF5A-E6C66B669815}.Debug|Any CPU.ActiveCfg = Debug|Any CPU
		{F98AEA4C-C3ED-481E-BF5A-E6C66B669815}.Debug|Any CPU.Build.0 = Debug|Any CPU
		{F98AEA4C-C3ED-481E-BF5A-E6C66B669815}.Release|Any CPU.ActiveCfg = Release|Any CPU
		{F98AEA4C-C3ED-481E-BF5A-E6C66B669815}.Release|Any CPU.Build.0 = Release|Any CPU
	EndGlobalSection
	GlobalSection(SolutionProperties) = preSolution
		HideSolutionNode = FALSE
	EndGlobalSection
	GlobalSection(ExtensibilityGlobals) = postSolution
		SolutionGuid = {E5ACC9B5-217F-43BF-92E5-AA61E3DA37AA}
	EndGlobalSection
EndGlobal
